
Microsoft Visual Studio Solution File, Format Version 12.00
# Visual Studio Version 16
VisualStudioVersion = 16.0.29215.179
MinimumVisualStudioVersion = 10.0.40219.1
Project("{FAE04EC0-301F-11D3-BF4B-00C04F79EFBC}") = "Fuzzy", "Fuzzy.csproj", "{560507BB-A2F7-4175-8412-F0BFE33079AB}"
EndProject
Global
	GlobalSection(SolutionConfigurationPlatforms) = preSolution
		Debug|Any CPU = Debug|Any CPU
		Release|Any CPU = Release|Any CPU
	EndGlobalSection
	GlobalSection(ProjectConfigurationPlatforms) = postSolution
		{560507BB-A2F7-4175-8412-F0BFE33079AB}.Debug|Any CPU.ActiveCfg = Debug|Any CPU
		{560507BB-A2F7-4175-8412-F0BFE33079AB}.Debug|Any CPU.Build.0 = Debug|Any CPU
		{560507BB-A2F7-4175-8412-F0BFE33079AB}.Release|Any CPU.ActiveCfg = Release|Any CPU
		{560507BB-A2F7-4175-8412-F0BFE33079AB}.Release|Any CPU.Build.0 = Release|Any CPU
	EndGlobalSection
	GlobalSection(SolutionProperties) = preSolution
		HideSolutionNode = FALSE
	EndGlobalSection
	GlobalSection(ExtensibilityGlobals) = postSolution
		SolutionGuid = {35B8083F-D869-4A15-A56A-4BFB14360090}
	EndGlobalSection
EndGlobal
